
Microsoft Visual Studio Solution File, Format Version 12.00
# Visual Studio Version 17
VisualStudioVersion = 17.0.31903.59
MinimumVisualStudioVersion = 10.0.40219.1
Project("{FAE04EC0-301F-11D3-BF4B-00C04F79EFBC}") = "NetSupport.Shared", "NetSupport.Shared\NetSupport.Shared.csproj", "{83ABB63E-9015-492D-A6FE-8591F6A43EE8}"
EndProject
Project("{FAE04EC0-301F-11D3-BF4B-00C04F79EFBC}") = "NetSupport.Tutor", "NetSupport.Tutor\NetSupport.Tutor.csproj", "{F3B718ED-9BD2-4046-91C4-084BC73C65BA}"
EndProject
Project("{FAE04EC0-301F-11D3-BF4B-00C04F79EFBC}") = "NetSupport.Student", "NetSupport.Student\NetSupport.Student.csproj", "{A1C8A9CA-ACCC-479A-B7DE-24032FD168C6}"
EndProject
Project("{FAE04EC0-301F-11D3-BF4B-00C04F79EFBC}") = "NetSupport.Designer", "NetSupport.Designer\NetSupport.Designer.csproj", "{C5C7C9ED-E3A2-49E7-8E5A-56186F2D40EF}"
EndProject
Global
	GlobalSection(SolutionConfigurationPlatforms) = preSolution
		Debug|Any CPU = Debug|Any CPU
		Debug|x64 = Debug|x64
		Debug|x86 = Debug|x86
		Release|Any CPU = Release|Any CPU
		Release|x64 = Release|x64
		Release|x86 = Release|x86
	EndGlobalSection
	GlobalSection(ProjectConfigurationPlatforms) = postSolution
		{83ABB63E-9015-492D-A6FE-8591F6A43EE8}.Debug|Any CPU.ActiveCfg = Debug|Any CPU
		{83ABB63E-9015-492D-A6FE-8591F6A43EE8}.Debug|Any CPU.Build.0 = Debug|Any CPU
		{83ABB63E-9015-492D-A6FE-8591F6A43EE8}.Debug|x64.ActiveCfg = Debug|Any CPU
		{83ABB63E-9015-492D-A6FE-8591F6A43EE8}.Debug|x64.Build.0 = Debug|Any CPU
		{83ABB63E-9015-492D-A6FE-8591F6A43EE8}.Debug|x86.ActiveCfg = Debug|Any CPU
		{83ABB63E-9015-492D-A6FE-8591F6A43EE8}.Debug|x86.Build.0 = Debug|Any CPU
		{83ABB63E-9015-492D-A6FE-8591F6A43EE8}.Release|Any CPU.ActiveCfg = Release|Any CPU
		{83ABB63E-9015-492D-A6FE-8591F6A43EE8}.Release|Any CPU.Build.0 = Release|Any CPU
		{83ABB63E-9015-492D-A6FE-8591F6A43EE8}.Release|x64.ActiveCfg = Release|Any CPU
		{83ABB63E-9015-492D-A6FE-8591F6A43EE8}.Release|x64.Build.0 = Release|Any CPU
		{83ABB63E-9015-492D-A6FE-8591F6A43EE8}.Release|x86.ActiveCfg = Release|Any CPU
		{83ABB63E-9015-492D-A6FE-8591F6A43EE8}.Release|x86.Build.0 = Release|Any CPU
		{F3B718ED-9BD2-4046-91C4-084BC73C65BA}.Debug|Any CPU.ActiveCfg = Debug|Any CPU
		{F3B718ED-9BD2-4046-91C4-084BC73C65BA}.Debug|Any CPU.Build.0 = Debug|Any CPU
		{F3B718ED-9BD2-4046-91C4-084BC73C65BA}.Debug|x64.ActiveCfg = Debug|Any CPU
		{F3B718ED-9BD2-4046-91C4-084BC73C65BA}.Debug|x64.Build.0 = Debug|Any CPU
		{F3B718ED-9BD2-4046-91C4-084BC73C65BA}.Debug|x86.ActiveCfg = Debug|Any CPU
		{F3B718ED-9BD2-4046-91C4-084BC73C65BA}.Debug|x86.Build.0 = Debug|Any CPU
		{F3B718ED-9BD2-4046-91C4-084BC73C65BA}.Release|Any CPU.ActiveCfg = Release|Any CPU
		{F3B718ED-9BD2-4046-91C4-084BC73C65BA}.Release|Any CPU.Build.0 = Release|Any CPU
		{F3B718ED-9BD2-4046-91C4-084BC73C65BA}.Release|x64.ActiveCfg = Release|Any CPU
		{F3B718ED-9BD2-4046-91C4-084BC73C65BA}.Release|x64.Build.0 = Release|Any CPU
		{F3B718ED-9BD2-4046-91C4-084BC73C65BA}.Release|x86.ActiveCfg = Release|Any CPU
		{F3B718ED-9BD2-4046-91C4-084BC73C65BA}.Release|x86.Build.0 = Release|Any CPU
		{A1C8A9CA-ACCC-479A-B7DE-24032FD168C6}.Debug|Any CPU.ActiveCfg = Debug|Any CPU
		{A1C8A9CA-ACCC-479A-B7DE-24032FD168C6}.Debug|Any CPU.Build.0 = Debug|Any CPU
		{A1C8A9CA-ACCC-479A-B7DE-24032FD168C6}.Debug|x64.ActiveCfg = Debug|Any CPU
		{A1C8A9CA-ACCC-479A-B7DE-24032FD168C6}.Debug|x64.Build.0 = Debug|Any CPU
		{A1C8A9CA-ACCC-479A-B7DE-24032FD168C6}.Debug|x86.ActiveCfg = Debug|Any CPU
		{A1C8A9CA-ACCC-479A-B7DE-24032FD168C6}.Debug|x86.Build.0 = Debug|Any CPU
		{A1C8A9CA-ACCC-479A-B7DE-24032FD168C6}.Release|Any CPU.ActiveCfg = Release|Any CPU
		{A1C8A9CA-ACCC-479A-B7DE-24032FD168C6}.Release|Any CPU.Build.0 = Release|Any CPU
		{A1C8A9CA-ACCC-479A-B7DE-24032FD168C6}.Release|x64.ActiveCfg = Release|Any CPU
		{A1C8A9CA-ACCC-479A-B7DE-24032FD168C6}.Release|x64.Build.0 = Release|Any CPU
		{A1C8A9CA-ACCC-479A-B7DE-24032FD168C6}.Release|x86.ActiveCfg = Release|Any CPU
		{A1C8A9CA-ACCC-479A-B7DE-24032FD168C6}.Release|x86.Build.0 = Release|Any CPU
		{C5C7C9ED-E3A2-49E7-8E5A-56186F2D40EF}.Debug|Any CPU.ActiveCfg = Debug|Any CPU
		{C5C7C9ED-E3A2-49E7-8E5A-56186F2D40EF}.Debug|Any CPU.Build.0 = Debug|Any CPU
		{C5C7C9ED-E3A2-49E7-8E5A-56186F2D40EF}.Debug|x64.ActiveCfg = Debug|Any CPU
		{C5C7C9ED-E3A2-49E7-8E5A-56186F2D40EF}.Debug|x64.Build.0 = Debug|Any CPU
		{C5C7C9ED-E3A2-49E7-8E5A-56186F2D40EF}.Debug|x86.ActiveCfg = Debug|Any CPU
		{C5C7C9ED-E3A2-49E7-8E5A-56186F2D40EF}.Debug|x86.Build.0 = Debug|Any CPU
		{C5C7C9ED-E3A2-49E7-8E5A-56186F2D40EF}.Release|Any CPU.ActiveCfg = Release|Any CPU
		{C5C7C9ED-E3A2-49E7-8E5A-56186F2D40EF}.Release|Any CPU.Build.0 = Release|Any CPU
		{C5C7C9ED-E3A2-49E7-8E5A-56186F2D40EF}.Release|x64.ActiveCfg = Release|Any CPU
		{C5C7C9ED-E3A2-49E7-8E5A-56186F2D40EF}.Release|x64.Build.0 = Release|Any CPU
		{C5C7C9ED-E3A2-49E7-8E5A-56186F2D40EF}.Release|x86.ActiveCfg = Release|Any CPU
		{C5C7C9ED-E3A2-49E7-8E5A-56186F2D40EF}.Release|x86.Build.0 = Release|Any CPU
	EndGlobalSection
	GlobalSection(SolutionProperties) = preSolution
		HideSolutionNode = FALSE
	EndGlobalSection
EndGlobal
